{
  "name": "jev-pref",
  "version": "0.2.1",
  "lockfileVersion": 3,
  "requires": true,
  "packages": {
    "": {
      "name": "jev-pref",
      "version": "0.2.1",
      "license": "MIT",
      "dependencies": {
        "advocaat": "0.0.2"
      },
      "bin": {
        "jev-pref": "bin/jev-pref.js"
      },
      "engines": {
        "node": ">=20"
      }
    },
    "node_modules/advocaat": {
      "version": "0.0.2",
      "resolved": "https://registry.npmjs.org/advocaat/-/advocaat-0.0.2.tgz",
      "integrity": "sha512-4WyRLUIZWOqbTy8tuwpkuegcUUYhzZIPCU0/ZBFzRXanxPeKssgdV9j4V4/zUNjXs/j/gFj5yRrnD4Yc1jQ/hg==",
      "license": "MIT"
    }
  }
}
